
Microsoft Visual Studio Solution File, Format Version 12.00
# Visual Studio 15
VisualStudioVersion = 15.0.27703.2035
MinimumVisualStudioVersion = 10.0.40219.1
Project("{8BC9CEB8-8B4A-11D0-8D11-00A0C91BC942}") = "exam01", "exam1\exam1.vcxproj", "{EDE1F94C-8015-431E-A30C-C0D605B53B2D}"
EndProject
Project("{8BC9CEB8-8B4A-11D0-8D11-00A0C91BC942}") = "exam02", "exam2\exam2.vcxproj", "{C96BAD4A-768C-4E37-8FEA-DB120B66577D}"
EndProject
Project("{8BC9CEB8-8B4A-11D0-8D11-00A0C91BC942}") = "exam03", "exam03\exam03.vcxproj", "{48B2BD96-38E0-49B1-BECE-AB88A0340FB1}"
EndProject
Project("{8BC9CEB8-8B4A-11D0-8D11-00A0C91BC942}") = "exam04", "exam04\exam04.vcxproj", "{C8CBFD8E-4B44-4885-A166-9462F5D2A3DB}"
EndProject
Project("{8BC9CEB8-8B4A-11D0-8D11-00A0C91BC942}") = "exam05", "exam05\exam05.vcxproj", "{817B931A-E706-4C2C-89EF-DE3CFEA9815D}"
EndProject
Project("{8BC9CEB8-8B4A-11D0-8D11-00A0C91BC942}") = "exam06", "exam06\exam06.vcxproj", "{AC7DC5D9-8EA7-48E6-874D-26C255E1E353}"
EndProject
Project("{8BC9CEB8-8B4A-11D0-8D11-00A0C91BC942}") = "exam07", "exam07\exam07.vcxproj", "{C6B641DB-36A0-44B1-A82A-D1B14D97483C}"
EndProject
Project("{8BC9CEB8-8B4A-11D0-8D11-00A0C91BC942}") = "exam08", "exam08\exam08.vcxproj", "{1C3C1310-E6FC-45FF-9D5E-BE95CC4D141A}"
EndProject
Project("{8BC9CEB8-8B4A-11D0-8D11-00A0C91BC942}") = "exam09", "exam09\exam09.vcxproj", "{198AEA63-A8FF-4F02-A929-B5D341FD7D63}"
EndProject
Project("{8BC9CEB8-8B4A-11D0-8D11-00A0C91BC942}") = "exam10", "exam10\exam10.vcxproj", "{368DAE54-7F6A-4D2A-BA50-E2ED612B0583}"
EndProject
Project("{8BC9CEB8-8B4A-11D0-8D11-00A0C91BC942}") = "exam11", "exam11\exam11.vcxproj", "{07C88F03-D67E-477D-9EA3-A97F4A1397CE}"
EndProject
Project("{8BC9CEB8-8B4A-11D0-8D11-00A0C91BC942}") = "exam12", "exam12\exam12.vcxproj", "{6D2503CE-A445-4FD8-BF58-E4808102AFB5}"
EndProject
Project("{8BC9CEB8-8B4A-11D0-8D11-00A0C91BC942}") = "exam13", "exam13\exam13.vcxproj", "{EEADF505-9F5E-460A-942E-D2B96F566A99}"
EndProject
Project("{8BC9CEB8-8B4A-11D0-8D11-00A0C91BC942}") = "exam14", "exam14\exam14.vcxproj", "{DC6C655C-844F-4656-BCD3-06BB6B72CF29}"
EndProject
Project("{8BC9CEB8-8B4A-11D0-8D11-00A0C91BC942}") = "exam15", "exam15\exam15.vcxproj", "{ABE9874C-1088-4D22-91F0-13F70665EB32}"
EndProject
Project("{8BC9CEB8-8B4A-11D0-8D11-00A0C91BC942}") = "exam16", "exam16\exam16.vcxproj", "{4B9F3784-ED48-4DB4-9A2D-9B3AA9580F39}"
EndProject
Global
	GlobalSection(SolutionConfigurationPlatforms) = preSolution
		Debug|x64 = Debug|x64
		Debug|x86 = Debug|x86
		Release|x64 = Release|x64
		Release|x86 = Release|x86
	EndGlobalSection
	GlobalSection(ProjectConfigurationPlatforms) = postSolution
		{EDE1F94C-8015-431E-A30C-C0D605B53B2D}.Debug|x64.ActiveCfg = Debug|x64
		{EDE1F94C-8015-431E-A30C-C0D605B53B2D}.Debug|x64.Build.0 = Debug|x64
		{EDE1F94C-8015-431E-A30C-C0D605B53B2D}.Debug|x86.ActiveCfg = Debug|Win32
		{EDE1F94C-8015-431E-A30C-C0D605B53B2D}.Debug|x86.Build.0 = Debug|Win32
		{EDE1F94C-8015-431E-A30C-C0D605B53B2D}.Release|x64.ActiveCfg = Release|x64
		{EDE1F94C-8015-431E-A30C-C0D605B53B2D}.Release|x64.Build.0 = Release|x64
		{EDE1F94C-8015-431E-A30C-C0D605B53B2D}.Release|x86.ActiveCfg = Release|Win32
		{EDE1F94C-8015-431E-A30C-C0D605B53B2D}.Release|x86.Build.0 = Release|Win32
		{C96BAD4A-768C-4E37-8FEA-DB120B66577D}.Debug|x64.ActiveCfg = Debug|x64
		{C96BAD4A-768C-4E37-8FEA-DB120B66577D}.Debug|x64.Build.0 = Debug|x64
		{C96BAD4A-768C-4E37-8FEA-DB120B66577D}.Debug|x86.ActiveCfg = Debug|Win32
		{C96BAD4A-768C-4E37-8FEA-DB120B66577D}.Debug|x86.Build.0 = Debug|Win32
		{C96BAD4A-768C-4E37-8FEA-DB120B66577D}.Release|x64.ActiveCfg = Release|x64
		{C96BAD4A-768C-4E37-8FEA-DB120B66577D}.Release|x64.Build.0 = Release|x64
		{C96BAD4A-768C-4E37-8FEA-DB120B66577D}.Release|x86.ActiveCfg = Release|Win32
		{C96BAD4A-768C-4E37-8FEA-DB120B66577D}.Release|x86.Build.0 = Release|Win32
		{48B2BD96-38E0-49B1-BECE-AB88A0340FB1}.Debug|x64.ActiveCfg = Debug|x64
		{48B2BD96-38E0-49B1-BECE-AB88A0340FB1}.Debug|x64.Build.0 = Debug|x64
		{48B2BD96-38E0-49B1-BECE-AB88A0340FB1}.Debug|x86.ActiveCfg = Debug|Win32
		{48B2BD96-38E0-49B1-BECE-AB88A0340FB1}.Debug|x86.Build.0 = Debug|Win32
		{48B2BD96-38E0-49B1-BECE-AB88A0340FB1}.Release|x64.ActiveCfg = Release|x64
		{48B2BD96-38E0-49B1-BECE-AB88A0340FB1}.Release|x64.Build.0 = Release|x64
		{48B2BD96-38E0-49B1-BECE-AB88A0340FB1}.Release|x86.ActiveCfg = Release|Win32
		{48B2BD96-38E0-49B1-BECE-AB88A0340FB1}.Release|x86.Build.0 = Release|Win32
		{C8CBFD8E-4B44-4885-A166-9462F5D2A3DB}.Debug|x64.ActiveCfg = Debug|x64
		{C8CBFD8E-4B44-4885-A166-9462F5D2A3DB}.Debug|x64.Build.0 = Debug|x64
		{C8CBFD8E-4B44-4885-A166-9462F5D2A3DB}.Debug|x86.ActiveCfg = Debug|Win32
		{C8CBFD8E-4B44-4885-A166-9462F5D2A3DB}.Debug|x86.Build.0 = Debug|Win32
		{C8CBFD8E-4B44-4885-A166-9462F5D2A3DB}.Release|x64.ActiveCfg = Release|x64
		{C8CBFD8E-4B44-4885-A166-9462F5D2A3DB}.Release|x64.Build.0 = Release|x64
		{C8CBFD8E-4B44-4885-A166-9462F5D2A3DB}.Release|x86.ActiveCfg = Release|Win32
		{C8CBFD8E-4B44-4885-A166-9462F5D2A3DB}.Release|x86.Build.0 = Release|Win32
		{817B931A-E706-4C2C-89EF-DE3CFEA9815D}.Debug|x64.ActiveCfg = Debug|x64
		{817B931A-E706-4C2C-89EF-DE3CFEA9815D}.Debug|x64.Build.0 = Debug|x64
		{817B931A-E706-4C2C-89EF-DE3CFEA9815D}.Debug|x86.ActiveCfg = Debug|Win32
		{817B931A-E706-4C2C-89EF-DE3CFEA9815D}.Debug|x86.Build.0 = Debug|Win32
		{817B931A-E706-4C2C-89EF-DE3CFEA9815D}.Release|x64.ActiveCfg = Release|x64
		{817B931A-E706-4C2C-89EF-DE3CFEA9815D}.Release|x64.Build.0 = Release|x64
		{817B931A-E706-4C2C-89EF-DE3CFEA9815D}.Release|x86.ActiveCfg = Release|Win32
		{817B931A-E706-4C2C-89EF-DE3CFEA9815D}.Release|x86.Build.0 = Release|Win32
		{AC7DC5D9-8EA7-48E6-874D-26C255E1E353}.Debug|x64.ActiveCfg = Debug|x64
		{AC7DC5D9-8EA7-48E6-874D-26C255E1E353}.Debug|x64.Build.0 = Debug|x64
		{AC7DC5D9-8EA7-48E6-874D-26C255E1E353}.Debug|x86.ActiveCfg = Debug|Win32
		{AC7DC5D9-8EA7-48E6-874D-26C255E1E353}.Debug|x86.Build.0 = Debug|Win32
		{AC7DC5D9-8EA7-48E6-874D-26C255E1E353}.Release|x64.ActiveCfg = Release|x64
		{AC7DC5D9-8EA7-48E6-874D-26C255E1E353}.Release|x64.Build.0 = Release|x64
		{AC7DC5D9-8EA7-48E6-874D-26C255E1E353}.Release|x86.ActiveCfg = Release|Win32
		{AC7DC5D9-8EA7-48E6-874D-26C255E1E353}.Release|x86.Build.0 = Release|Win32
		{C6B641DB-36A0-44B1-A82A-D1B14D97483C}.Debug|x64.ActiveCfg = Debug|x64
		{C6B641DB-36A0-44B1-A82A-D1B14D97483C}.Debug|x64.Build.0 = Debug|x64
		{C6B641DB-36A0-44B1-A82A-D1B14D97483C}.Debug|x86.ActiveCfg = Debug|Win32
		{C6B641DB-36A0-44B1-A82A-D1B14D97483C}.Debug|x86.Build.0 = Debug|Win32
		{C6B641DB-36A0-44B1-A82A-D1B14D97483C}.Release|x64.ActiveCfg = Release|x64
		{C6B641DB-36A0-44B1-A82A-D1B14D97483C}.Release|x64.Build.0 = Release|x64
		{C6B641DB-36A0-44B1-A82A-D1B14D97483C}.Release|x86.ActiveCfg = Release|Win32
		{C6B641DB-36A0-44B1-A82A-D1B14D97483C}.Release|x86.Build.0 = Release|Win32
		{1C3C1310-E6FC-45FF-9D5E-BE95CC4D141A}.Debug|x64.ActiveCfg = Debug|x64
		{1C3C1310-E6FC-45FF-9D5E-BE95CC4D141A}.Debug|x64.Build.0 = Debug|x64
		{1C3C1310-E6FC-45FF-9D5E-BE95CC4D141A}.Debug|x86.ActiveCfg = Debug|Win32
		{1C3C1310-E6FC-45FF-9D5E-BE95CC4D141A}.Debug|x86.Build.0 = Debug|Win32
		{1C3C1310-E6FC-45FF-9D5E-BE95CC4D141A}.Release|x64.ActiveCfg = Release|x64
		{1C3C1310-E6FC-45FF-9D5E-BE95CC4D141A}.Release|x64.Build.0 = Release|x64
		{1C3C1310-E6FC-45FF-9D5E-BE95CC4D141A}.Release|x86.ActiveCfg = Release|Win32
		{1C3C1310-E6FC-45FF-9D5E-BE95CC4D141A}.Release|x86.Build.0 = Release|Win32
		{198AEA63-A8FF-4F02-A929-B5D341FD7D63}.Debug|x64.ActiveCfg = Debug|x64
		{198AEA63-A8FF-4F02-A929-B5D341FD7D63}.Debug|x64.Build.0 = Debug|x64
		{198AEA63-A8FF-4F02-A929-B5D341FD7D63}.Debug|x86.ActiveCfg = Debug|Win32
		{198AEA63-A8FF-4F02-A929-B5D341FD7D63}.Debug|x86.Build.0 = Debug|Win32
		{198AEA63-A8FF-4F02-A929-B5D341FD7D63}.Release|x64.ActiveCfg = Release|x64
		{198AEA63-A8FF-4F02-A929-B5D341FD7D63}.Release|x64.Build.0 = Release|x64
		{198AEA63-A8FF-4F02-A929-B5D341FD7D63}.Release|x86.ActiveCfg = Release|Win32
		{198AEA63-A8FF-4F02-A929-B5D341FD7D63}.Release|x86.Build.0 = Release|Win32
		{368DAE54-7F6A-4D2A-BA50-E2ED612B0583}.Debug|x64.ActiveCfg = Debug|x64
		{368DAE54-7F6A-4D2A-BA50-E2ED612B0583}.Debug|x64.Build.0 = Debug|x64
		{368DAE54-7F6A-4D2A-BA50-E2ED612B0583}.Debug|x86.ActiveCfg = Debug|Win32
		{368DAE54-7F6A-4D2A-BA50-E2ED612B0583}.Debug|x86.Build.0 = Debug|Win32
		{368DAE54-7F6A-4D2A-BA50-E2ED612B0583}.Release|x64.ActiveCfg = Release|x64
		{368DAE54-7F6A-4D2A-BA50-E2ED612B0583}.Release|x64.Build.0 = Release|x64
		{368DAE54-7F6A-4D2A-BA50-E2ED612B0583}.Release|x86.ActiveCfg = Release|Win32
		{368DAE54-7F6A-4D2A-BA50-E2ED612B0583}.Release|x86.Build.0 = Release|Win32
		{07C88F03-D67E-477D-9EA3-A97F4A1397CE}.Debug|x64.ActiveCfg = Debug|x64
		{07C88F03-D67E-477D-9EA3-A97F4A1397CE}.Debug|x64.Build.0 = Debug|x64
		{07C88F03-D67E-477D-9EA3-A97F4A1397CE}.Debug|x86.ActiveCfg = Debug|Win32
		{07C88F03-D67E-477D-9EA3-A97F4A1397CE}.Debug|x86.Build.0 = Debug|Win32
		{07C88F03-D67E-477D-9EA3-A97F4A1397CE}.Release|x64.ActiveCfg = Release|x64
		{07C88F03-D67E-477D-9EA3-A97F4A1397CE}.Release|x64.Build.0 = Release|x64
		{07C88F03-D67E-477D-9EA3-A97F4A1397CE}.Release|x86.ActiveCfg = Release|Win32
		{07C88F03-D67E-477D-9EA3-A97F4A1397CE}.Release|x86.Build.0 = Release|Win32
		{6D2503CE-A445-4FD8-BF58-E4808102AFB5}.Debug|x64.ActiveCfg = Debug|x64
		{6D2503CE-A445-4FD8-BF58-E4808102AFB5}.Debug|x64.Build.0 = Debug|x64
		{6D2503CE-A445-4FD8-BF58-E4808102AFB5}.Debug|x86.ActiveCfg = Debug|Win32
		{6D2503CE-A445-4FD8-BF58-E4808102AFB5}.Debug|x86.Build.0 = Debug|Win32
		{6D2503CE-A445-4FD8-BF58-E4808102AFB5}.Release|x64.ActiveCfg = Release|x64
		{6D2503CE-A445-4FD8-BF58-E4808102AFB5}.Release|x64.Build.0 = Release|x64
		{6D2503CE-A445-4FD8-BF58-E4808102AFB5}.Release|x86.ActiveCfg = Release|Win32
		{6D2503CE-A445-4FD8-BF58-E4808102AFB5}.Release|x86.Build.0 = Release|Win32
		{EEADF505-9F5E-460A-942E-D2B96F566A99}.Debug|x64.ActiveCfg = Debug|x64
		{EEADF505-9F5E-460A-942E-D2B96F566A99}.Debug|x64.Build.0 = Debug|x64
		{EEADF505-9F5E-460A-942E-D2B96F566A99}.Debug|x86.ActiveCfg = Debug|Win32
		{EEADF505-9F5E-460A-942E-D2B96F566A99}.Debug|x86.Build.0 = Debug|Win32
		{EEADF505-9F5E-460A-942E-D2B96F566A99}.Release|x64.ActiveCfg = Release|x64
		{EEADF505-9F5E-460A-942E-D2B96F566A99}.Release|x64.Build.0 = Release|x64
		{EEADF505-9F5E-460A-942E-D2B96F566A99}.Release|x86.ActiveCfg = Release|Win32
		{EEADF505-9F5E-460A-942E-D2B96F566A99}.Release|x86.Build.0 = Release|Win32
		{DC6C655C-844F-4656-BCD3-06BB6B72CF29}.Debug|x64.ActiveCfg = Debug|x64
		{DC6C655C-844F-4656-BCD3-06BB6B72CF29}.Debug|x64.Build.0 = Debug|x64
		{DC6C655C-844F-4656-BCD3-06BB6B72CF29}.Debug|x86.ActiveCfg = Debug|Win32
		{DC6C655C-844F-4656-BCD3-06BB6B72CF29}.Debug|x86.Build.0 = Debug|Win32
		{DC6C655C-844F-4656-BCD3-06BB6B72CF29}.Release|x64.ActiveCfg = Release|x64
		{DC6C655C-844F-4656-BCD3-06BB6B72CF29}.Release|x64.Build.0 = Release|x64
		{DC6C655C-844F-4656-BCD3-06BB6B72CF29}.Release|x86.ActiveCfg = Release|Win32
		{DC6C655C-844F-4656-BCD3-06BB6B72CF29}.Release|x86.Build.0 = Release|Win32
		{ABE9874C-1088-4D22-91F0-13F70665EB32}.Debug|x64.ActiveCfg = Debug|x64
		{ABE9874C-1088-4D22-91F0-13F70665EB32}.Debug|x64.Build.0 = Debug|x64
		{ABE9874C-1088-4D22-91F0-13F70665EB32}.Debug|x86.ActiveCfg = Debug|Win32
		{ABE9874C-1088-4D22-91F0-13F70665EB32}.Debug|x86.Build.0 = Debug|Win32
		{ABE9874C-1088-4D22-91F0-13F70665EB32}.Release|x64.ActiveCfg = Release|x64
		{ABE9874C-1088-4D22-91F0-13F70665EB32}.Release|x64.Build.0 = Release|x64
		{ABE9874C-1088-4D22-91F0-13F70665EB32}.Release|x86.ActiveCfg = Release|Win32
		{ABE9874C-1088-4D22-91F0-13F70665EB32}.Release|x86.Build.0 = Release|Win32
		{4B9F3784-ED48-4DB4-9A2D-9B3AA9580F39}.Debug|x64.ActiveCfg = Debug|x64
		{4B9F3784-ED48-4DB4-9A2D-9B3AA9580F39}.Debug|x64.Build.0 = Debug|x64
		{4B9F3784-ED48-4DB4-9A2D-9B3AA9580F39}.Debug|x86.ActiveCfg = Debug|Win32
		{4B9F3784-ED48-4DB4-9A2D-9B3AA9580F39}.Debug|x86.Build.0 = Debug|Win32
		{4B9F3784-ED48-4DB4-9A2D-9B3AA9580F39}.Release|x64.ActiveCfg = Release|x64
		{4B9F3784-ED48-4DB4-9A2D-9B3AA9580F39}.Release|x64.Build.0 = Release|x64
		{4B9F3784-ED48-4DB4-9A2D-9B3AA9580F39}.Release|x86.ActiveCfg = Release|Win32
		{4B9F3784-ED48-4DB4-9A2D-9B3AA9580F39}.Release|x86.Build.0 = Release|Win32
	EndGlobalSection
	GlobalSection(SolutionProperties) = preSolution
		HideSolutionNode = FALSE
	EndGlobalSection
	GlobalSection(ExtensibilityGlobals) = postSolution
		SolutionGuid = {2DB4949B-87F1-4709-B674-1C5EA23B7D2B}
	EndGlobalSection
EndGlobal
