
Microsoft Visual Studio Solution File, Format Version 12.00
# Visual Studio 15
VisualStudioVersion = 15.0.27703.2035
MinimumVisualStudioVersion = 10.0.40219.1
Project("{8BC9CEB8-8B4A-11D0-8D11-00A0C91BC942}") = "exam01", "exam01\exam01.vcxproj", "{AB95DF41-1073-40A3-80A5-B669C18362A7}"
EndProject
Project("{8BC9CEB8-8B4A-11D0-8D11-00A0C91BC942}") = "exam02", "exam02\exam02.vcxproj", "{B0BD7B4F-5F29-4C87-AF53-A371DEB75E5D}"
EndProject
Project("{8BC9CEB8-8B4A-11D0-8D11-00A0C91BC942}") = "exam03", "exam03\exam03.vcxproj", "{C356858C-CB43-4987-A121-2A66C5FF3088}"
EndProject
Project("{8BC9CEB8-8B4A-11D0-8D11-00A0C91BC942}") = "exam04", "exam04\exam04.vcxproj", "{426645DB-A706-4B2B-9364-51178D78EABC}"
EndProject
Project("{8BC9CEB8-8B4A-11D0-8D11-00A0C91BC942}") = "exam05", "exam05\exam05.vcxproj", "{6AE7CB65-4BBE-47A9-95F4-BA310F62FE18}"
EndProject
Project("{8BC9CEB8-8B4A-11D0-8D11-00A0C91BC942}") = "exam06", "exam06\exam06.vcxproj", "{9BF90BA2-3B98-4913-A5C2-534CC6B0EC80}"
EndProject
Project("{8BC9CEB8-8B4A-11D0-8D11-00A0C91BC942}") = "exam07", "exam07\exam07.vcxproj", "{9FDEAC81-40E7-49F4-A04E-F828B49DF8FE}"
EndProject
Project("{8BC9CEB8-8B4A-11D0-8D11-00A0C91BC942}") = "exam08", "exam08\exam08.vcxproj", "{9973D757-87E5-4F5E-969D-6335B746ED5F}"
EndProject
Project("{8BC9CEB8-8B4A-11D0-8D11-00A0C91BC942}") = "exam09", "exam09\exam09.vcxproj", "{3DCF8623-F1F3-4508-B795-20C624C76061}"
EndProject
Project("{8BC9CEB8-8B4A-11D0-8D11-00A0C91BC942}") = "exam10", "exam10\exam10.vcxproj", "{7EA5A67E-04C2-449B-A97D-3F3674950A2F}"
EndProject
Project("{8BC9CEB8-8B4A-11D0-8D11-00A0C91BC942}") = "exam11", "exam11\exam11.vcxproj", "{9B47DA75-B431-4D93-93C8-196187147827}"
EndProject
Project("{8BC9CEB8-8B4A-11D0-8D11-00A0C91BC942}") = "exam12", "exam12\exam12.vcxproj", "{1EF789C9-04FC-4651-B049-4C8F4D044397}"
EndProject
Global
	GlobalSection(SolutionConfigurationPlatforms) = preSolution
		Debug|x64 = Debug|x64
		Debug|x86 = Debug|x86
		Release|x64 = Release|x64
		Release|x86 = Release|x86
	EndGlobalSection
	GlobalSection(ProjectConfigurationPlatforms) = postSolution
		{AB95DF41-1073-40A3-80A5-B669C18362A7}.Debug|x64.ActiveCfg = Debug|x64
		{AB95DF41-1073-40A3-80A5-B669C18362A7}.Debug|x64.Build.0 = Debug|x64
		{AB95DF41-1073-40A3-80A5-B669C18362A7}.Debug|x86.ActiveCfg = Debug|Win32
		{AB95DF41-1073-40A3-80A5-B669C18362A7}.Debug|x86.Build.0 = Debug|Win32
		{AB95DF41-1073-40A3-80A5-B669C18362A7}.Release|x64.ActiveCfg = Release|x64
		{AB95DF41-1073-40A3-80A5-B669C18362A7}.Release|x64.Build.0 = Release|x64
		{AB95DF41-1073-40A3-80A5-B669C18362A7}.Release|x86.ActiveCfg = Release|Win32
		{AB95DF41-1073-40A3-80A5-B669C18362A7}.Release|x86.Build.0 = Release|Win32
		{B0BD7B4F-5F29-4C87-AF53-A371DEB75E5D}.Debug|x64.ActiveCfg = Debug|x64
		{B0BD7B4F-5F29-4C87-AF53-A371DEB75E5D}.Debug|x64.Build.0 = Debug|x64
		{B0BD7B4F-5F29-4C87-AF53-A371DEB75E5D}.Debug|x86.ActiveCfg = Debug|Win32
		{B0BD7B4F-5F29-4C87-AF53-A371DEB75E5D}.Debug|x86.Build.0 = Debug|Win32
		{B0BD7B4F-5F29-4C87-AF53-A371DEB75E5D}.Release|x64.ActiveCfg = Release|x64
		{B0BD7B4F-5F29-4C87-AF53-A371DEB75E5D}.Release|x64.Build.0 = Release|x64
		{B0BD7B4F-5F29-4C87-AF53-A371DEB75E5D}.Release|x86.ActiveCfg = Release|Win32
		{B0BD7B4F-5F29-4C87-AF53-A371DEB75E5D}.Release|x86.Build.0 = Release|Win32
		{C356858C-CB43-4987-A121-2A66C5FF3088}.Debug|x64.ActiveCfg = Debug|x64
		{C356858C-CB43-4987-A121-2A66C5FF3088}.Debug|x64.Build.0 = Debug|x64
		{C356858C-CB43-4987-A121-2A66C5FF3088}.Debug|x86.ActiveCfg = Debug|Win32
		{C356858C-CB43-4987-A121-2A66C5FF3088}.Debug|x86.Build.0 = Debug|Win32
		{C356858C-CB43-4987-A121-2A66C5FF3088}.Release|x64.ActiveCfg = Release|x64
		{C356858C-CB43-4987-A121-2A66C5FF3088}.Release|x64.Build.0 = Release|x64
		{C356858C-CB43-4987-A121-2A66C5FF3088}.Release|x86.ActiveCfg = Release|Win32
		{C356858C-CB43-4987-A121-2A66C5FF3088}.Release|x86.Build.0 = Release|Win32
		{426645DB-A706-4B2B-9364-51178D78EABC}.Debug|x64.ActiveCfg = Debug|x64
		{426645DB-A706-4B2B-9364-51178D78EABC}.Debug|x64.Build.0 = Debug|x64
		{426645DB-A706-4B2B-9364-51178D78EABC}.Debug|x86.ActiveCfg = Debug|Win32
		{426645DB-A706-4B2B-9364-51178D78EABC}.Debug|x86.Build.0 = Debug|Win32
		{426645DB-A706-4B2B-9364-51178D78EABC}.Release|x64.ActiveCfg = Release|x64
		{426645DB-A706-4B2B-9364-51178D78EABC}.Release|x64.Build.0 = Release|x64
		{426645DB-A706-4B2B-9364-51178D78EABC}.Release|x86.ActiveCfg = Release|Win32
		{426645DB-A706-4B2B-9364-51178D78EABC}.Release|x86.Build.0 = Release|Win32
		{6AE7CB65-4BBE-47A9-95F4-BA310F62FE18}.Debug|x64.ActiveCfg = Debug|x64
		{6AE7CB65-4BBE-47A9-95F4-BA310F62FE18}.Debug|x64.Build.0 = Debug|x64
		{6AE7CB65-4BBE-47A9-95F4-BA310F62FE18}.Debug|x86.ActiveCfg = Debug|Win32
		{6AE7CB65-4BBE-47A9-95F4-BA310F62FE18}.Debug|x86.Build.0 = Debug|Win32
		{6AE7CB65-4BBE-47A9-95F4-BA310F62FE18}.Release|x64.ActiveCfg = Release|x64
		{6AE7CB65-4BBE-47A9-95F4-BA310F62FE18}.Release|x64.Build.0 = Release|x64
		{6AE7CB65-4BBE-47A9-95F4-BA310F62FE18}.Release|x86.ActiveCfg = Release|Win32
		{6AE7CB65-4BBE-47A9-95F4-BA310F62FE18}.Release|x86.Build.0 = Release|Win32
		{9BF90BA2-3B98-4913-A5C2-534CC6B0EC80}.Debug|x64.ActiveCfg = Debug|x64
		{9BF90BA2-3B98-4913-A5C2-534CC6B0EC80}.Debug|x64.Build.0 = Debug|x64
		{9BF90BA2-3B98-4913-A5C2-534CC6B0EC80}.Debug|x86.ActiveCfg = Debug|Win32
		{9BF90BA2-3B98-4913-A5C2-534CC6B0EC80}.Debug|x86.Build.0 = Debug|Win32
		{9BF90BA2-3B98-4913-A5C2-534CC6B0EC80}.Release|x64.ActiveCfg = Release|x64
		{9BF90BA2-3B98-4913-A5C2-534CC6B0EC80}.Release|x64.Build.0 = Release|x64
		{9BF90BA2-3B98-4913-A5C2-534CC6B0EC80}.Release|x86.ActiveCfg = Release|Win32
		{9BF90BA2-3B98-4913-A5C2-534CC6B0EC80}.Release|x86.Build.0 = Release|Win32
		{9FDEAC81-40E7-49F4-A04E-F828B49DF8FE}.Debug|x64.ActiveCfg = Debug|x64
		{9FDEAC81-40E7-49F4-A04E-F828B49DF8FE}.Debug|x64.Build.0 = Debug|x64
		{9FDEAC81-40E7-49F4-A04E-F828B49DF8FE}.Debug|x86.ActiveCfg = Debug|Win32
		{9FDEAC81-40E7-49F4-A04E-F828B49DF8FE}.Debug|x86.Build.0 = Debug|Win32
		{9FDEAC81-40E7-49F4-A04E-F828B49DF8FE}.Release|x64.ActiveCfg = Release|x64
		{9FDEAC81-40E7-49F4-A04E-F828B49DF8FE}.Release|x64.Build.0 = Release|x64
		{9FDEAC81-40E7-49F4-A04E-F828B49DF8FE}.Release|x86.ActiveCfg = Release|Win32
		{9FDEAC81-40E7-49F4-A04E-F828B49DF8FE}.Release|x86.Build.0 = Release|Win32
		{9973D757-87E5-4F5E-969D-6335B746ED5F}.Debug|x64.ActiveCfg = Debug|x64
		{9973D757-87E5-4F5E-969D-6335B746ED5F}.Debug|x64.Build.0 = Debug|x64
		{9973D757-87E5-4F5E-969D-6335B746ED5F}.Debug|x86.ActiveCfg = Debug|Win32
		{9973D757-87E5-4F5E-969D-6335B746ED5F}.Debug|x86.Build.0 = Debug|Win32
		{9973D757-87E5-4F5E-969D-6335B746ED5F}.Release|x64.ActiveCfg = Release|x64
		{9973D757-87E5-4F5E-969D-6335B746ED5F}.Release|x64.Build.0 = Release|x64
		{9973D757-87E5-4F5E-969D-6335B746ED5F}.Release|x86.ActiveCfg = Release|Win32
		{9973D757-87E5-4F5E-969D-6335B746ED5F}.Release|x86.Build.0 = Release|Win32
		{3DCF8623-F1F3-4508-B795-20C624C76061}.Debug|x64.ActiveCfg = Debug|x64
		{3DCF8623-F1F3-4508-B795-20C624C76061}.Debug|x64.Build.0 = Debug|x64
		{3DCF8623-F1F3-4508-B795-20C624C76061}.Debug|x86.ActiveCfg = Debug|Win32
		{3DCF8623-F1F3-4508-B795-20C624C76061}.Debug|x86.Build.0 = Debug|Win32
		{3DCF8623-F1F3-4508-B795-20C624C76061}.Release|x64.ActiveCfg = Release|x64
		{3DCF8623-F1F3-4508-B795-20C624C76061}.Release|x64.Build.0 = Release|x64
		{3DCF8623-F1F3-4508-B795-20C624C76061}.Release|x86.ActiveCfg = Release|Win32
		{3DCF8623-F1F3-4508-B795-20C624C76061}.Release|x86.Build.0 = Release|Win32
		{7EA5A67E-04C2-449B-A97D-3F3674950A2F}.Debug|x64.ActiveCfg = Debug|x64
		{7EA5A67E-04C2-449B-A97D-3F3674950A2F}.Debug|x64.Build.0 = Debug|x64
		{7EA5A67E-04C2-449B-A97D-3F3674950A2F}.Debug|x86.ActiveCfg = Debug|Win32
		{7EA5A67E-04C2-449B-A97D-3F3674950A2F}.Debug|x86.Build.0 = Debug|Win32
		{7EA5A67E-04C2-449B-A97D-3F3674950A2F}.Release|x64.ActiveCfg = Release|x64
		{7EA5A67E-04C2-449B-A97D-3F3674950A2F}.Release|x64.Build.0 = Release|x64
		{7EA5A67E-04C2-449B-A97D-3F3674950A2F}.Release|x86.ActiveCfg = Release|Win32
		{7EA5A67E-04C2-449B-A97D-3F3674950A2F}.Release|x86.Build.0 = Release|Win32
		{9B47DA75-B431-4D93-93C8-196187147827}.Debug|x64.ActiveCfg = Debug|x64
		{9B47DA75-B431-4D93-93C8-196187147827}.Debug|x64.Build.0 = Debug|x64
		{9B47DA75-B431-4D93-93C8-196187147827}.Debug|x86.ActiveCfg = Debug|Win32
		{9B47DA75-B431-4D93-93C8-196187147827}.Debug|x86.Build.0 = Debug|Win32
		{9B47DA75-B431-4D93-93C8-196187147827}.Release|x64.ActiveCfg = Release|x64
		{9B47DA75-B431-4D93-93C8-196187147827}.Release|x64.Build.0 = Release|x64
		{9B47DA75-B431-4D93-93C8-196187147827}.Release|x86.ActiveCfg = Release|Win32
		{9B47DA75-B431-4D93-93C8-196187147827}.Release|x86.Build.0 = Release|Win32
		{1EF789C9-04FC-4651-B049-4C8F4D044397}.Debug|x64.ActiveCfg = Debug|x64
		{1EF789C9-04FC-4651-B049-4C8F4D044397}.Debug|x64.Build.0 = Debug|x64
		{1EF789C9-04FC-4651-B049-4C8F4D044397}.Debug|x86.ActiveCfg = Debug|Win32
		{1EF789C9-04FC-4651-B049-4C8F4D044397}.Debug|x86.Build.0 = Debug|Win32
		{1EF789C9-04FC-4651-B049-4C8F4D044397}.Release|x64.ActiveCfg = Release|x64
		{1EF789C9-04FC-4651-B049-4C8F4D044397}.Release|x64.Build.0 = Release|x64
		{1EF789C9-04FC-4651-B049-4C8F4D044397}.Release|x86.ActiveCfg = Release|Win32
		{1EF789C9-04FC-4651-B049-4C8F4D044397}.Release|x86.Build.0 = Release|Win32
	EndGlobalSection
	GlobalSection(SolutionProperties) = preSolution
		HideSolutionNode = FALSE
	EndGlobalSection
	GlobalSection(ExtensibilityGlobals) = postSolution
		SolutionGuid = {342A4D52-8DAE-4167-9712-27D918E5B4A1}
	EndGlobalSection
EndGlobal
