
Microsoft Visual Studio Solution File, Format Version 12.00
# Visual Studio 15
VisualStudioVersion = 15.0.27703.2035
MinimumVisualStudioVersion = 10.0.40219.1
Project("{8BC9CEB8-8B4A-11D0-8D11-00A0C91BC942}") = "exam01", "exam01\exam01.vcxproj", "{76811D4A-4744-4FC1-8826-8E4681E07CA1}"
EndProject
Project("{8BC9CEB8-8B4A-11D0-8D11-00A0C91BC942}") = "exam02", "exam02\exam02.vcxproj", "{AD2EE7DB-8817-4DA4-AAEB-232CADB8D5AC}"
EndProject
Project("{8BC9CEB8-8B4A-11D0-8D11-00A0C91BC942}") = "exam03", "exam03\exam03.vcxproj", "{7D9005C4-38F5-4429-8248-DCEAD29089B3}"
EndProject
Project("{8BC9CEB8-8B4A-11D0-8D11-00A0C91BC942}") = "exam04", "exam04\exam04.vcxproj", "{482FF72A-EE92-4BFC-A27A-3560F7D73D35}"
EndProject
Project("{8BC9CEB8-8B4A-11D0-8D11-00A0C91BC942}") = "exam05", "exam05\exam05.vcxproj", "{5DE5C7D2-A16C-41AC-A8BF-54037E446121}"
EndProject
Project("{8BC9CEB8-8B4A-11D0-8D11-00A0C91BC942}") = "exam06", "exam06\exam06.vcxproj", "{DBD611CD-96B5-489B-AE6A-52B9A4F3FE0D}"
EndProject
Project("{8BC9CEB8-8B4A-11D0-8D11-00A0C91BC942}") = "exam07", "exam07\exam07.vcxproj", "{70EB8A55-62A4-4CFE-BF93-ADBD22B7E843}"
EndProject
Project("{8BC9CEB8-8B4A-11D0-8D11-00A0C91BC942}") = "exam08", "exam08\exam08.vcxproj", "{C4601324-4E61-4FE9-9C58-682B8B99F8FD}"
EndProject
Project("{8BC9CEB8-8B4A-11D0-8D11-00A0C91BC942}") = "exam09", "exam09\exam09.vcxproj", "{8E913952-E6C6-434D-AC39-D01BE29F4BD3}"
EndProject
Project("{8BC9CEB8-8B4A-11D0-8D11-00A0C91BC942}") = "exam10", "exam10\exam10.vcxproj", "{602B7E70-F712-4BC9-B550-F87F3F2598F8}"
EndProject
Project("{8BC9CEB8-8B4A-11D0-8D11-00A0C91BC942}") = "exam11", "exam11\exam11.vcxproj", "{857079A0-E66B-47D9-9AC5-3144728580E7}"
EndProject
Project("{8BC9CEB8-8B4A-11D0-8D11-00A0C91BC942}") = "exam12", "exam12\exam12.vcxproj", "{07547B78-ED0C-4261-A8EB-351F3E221DE0}"
EndProject
Global
	GlobalSection(SolutionConfigurationPlatforms) = preSolution
		Debug|x64 = Debug|x64
		Debug|x86 = Debug|x86
		Release|x64 = Release|x64
		Release|x86 = Release|x86
	EndGlobalSection
	GlobalSection(ProjectConfigurationPlatforms) = postSolution
		{76811D4A-4744-4FC1-8826-8E4681E07CA1}.Debug|x64.ActiveCfg = Debug|x64
		{76811D4A-4744-4FC1-8826-8E4681E07CA1}.Debug|x64.Build.0 = Debug|x64
		{76811D4A-4744-4FC1-8826-8E4681E07CA1}.Debug|x86.ActiveCfg = Debug|Win32
		{76811D4A-4744-4FC1-8826-8E4681E07CA1}.Debug|x86.Build.0 = Debug|Win32
		{76811D4A-4744-4FC1-8826-8E4681E07CA1}.Release|x64.ActiveCfg = Release|x64
		{76811D4A-4744-4FC1-8826-8E4681E07CA1}.Release|x64.Build.0 = Release|x64
		{76811D4A-4744-4FC1-8826-8E4681E07CA1}.Release|x86.ActiveCfg = Release|Win32
		{76811D4A-4744-4FC1-8826-8E4681E07CA1}.Release|x86.Build.0 = Release|Win32
		{AD2EE7DB-8817-4DA4-AAEB-232CADB8D5AC}.Debug|x64.ActiveCfg = Debug|x64
		{AD2EE7DB-8817-4DA4-AAEB-232CADB8D5AC}.Debug|x64.Build.0 = Debug|x64
		{AD2EE7DB-8817-4DA4-AAEB-232CADB8D5AC}.Debug|x86.ActiveCfg = Debug|Win32
		{AD2EE7DB-8817-4DA4-AAEB-232CADB8D5AC}.Debug|x86.Build.0 = Debug|Win32
		{AD2EE7DB-8817-4DA4-AAEB-232CADB8D5AC}.Release|x64.ActiveCfg = Release|x64
		{AD2EE7DB-8817-4DA4-AAEB-232CADB8D5AC}.Release|x64.Build.0 = Release|x64
		{AD2EE7DB-8817-4DA4-AAEB-232CADB8D5AC}.Release|x86.ActiveCfg = Release|Win32
		{AD2EE7DB-8817-4DA4-AAEB-232CADB8D5AC}.Release|x86.Build.0 = Release|Win32
		{7D9005C4-38F5-4429-8248-DCEAD29089B3}.Debug|x64.ActiveCfg = Debug|x64
		{7D9005C4-38F5-4429-8248-DCEAD29089B3}.Debug|x64.Build.0 = Debug|x64
		{7D9005C4-38F5-4429-8248-DCEAD29089B3}.Debug|x86.ActiveCfg = Debug|Win32
		{7D9005C4-38F5-4429-8248-DCEAD29089B3}.Debug|x86.Build.0 = Debug|Win32
		{7D9005C4-38F5-4429-8248-DCEAD29089B3}.Release|x64.ActiveCfg = Release|x64
		{7D9005C4-38F5-4429-8248-DCEAD29089B3}.Release|x64.Build.0 = Release|x64
		{7D9005C4-38F5-4429-8248-DCEAD29089B3}.Release|x86.ActiveCfg = Release|Win32
		{7D9005C4-38F5-4429-8248-DCEAD29089B3}.Release|x86.Build.0 = Release|Win32
		{482FF72A-EE92-4BFC-A27A-3560F7D73D35}.Debug|x64.ActiveCfg = Debug|x64
		{482FF72A-EE92-4BFC-A27A-3560F7D73D35}.Debug|x64.Build.0 = Debug|x64
		{482FF72A-EE92-4BFC-A27A-3560F7D73D35}.Debug|x86.ActiveCfg = Debug|Win32
		{482FF72A-EE92-4BFC-A27A-3560F7D73D35}.Debug|x86.Build.0 = Debug|Win32
		{482FF72A-EE92-4BFC-A27A-3560F7D73D35}.Release|x64.ActiveCfg = Release|x64
		{482FF72A-EE92-4BFC-A27A-3560F7D73D35}.Release|x64.Build.0 = Release|x64
		{482FF72A-EE92-4BFC-A27A-3560F7D73D35}.Release|x86.ActiveCfg = Release|Win32
		{482FF72A-EE92-4BFC-A27A-3560F7D73D35}.Release|x86.Build.0 = Release|Win32
		{5DE5C7D2-A16C-41AC-A8BF-54037E446121}.Debug|x64.ActiveCfg = Debug|x64
		{5DE5C7D2-A16C-41AC-A8BF-54037E446121}.Debug|x64.Build.0 = Debug|x64
		{5DE5C7D2-A16C-41AC-A8BF-54037E446121}.Debug|x86.ActiveCfg = Debug|Win32
		{5DE5C7D2-A16C-41AC-A8BF-54037E446121}.Debug|x86.Build.0 = Debug|Win32
		{5DE5C7D2-A16C-41AC-A8BF-54037E446121}.Release|x64.ActiveCfg = Release|x64
		{5DE5C7D2-A16C-41AC-A8BF-54037E446121}.Release|x64.Build.0 = Release|x64
		{5DE5C7D2-A16C-41AC-A8BF-54037E446121}.Release|x86.ActiveCfg = Release|Win32
		{5DE5C7D2-A16C-41AC-A8BF-54037E446121}.Release|x86.Build.0 = Release|Win32
		{DBD611CD-96B5-489B-AE6A-52B9A4F3FE0D}.Debug|x64.ActiveCfg = Debug|x64
		{DBD611CD-96B5-489B-AE6A-52B9A4F3FE0D}.Debug|x64.Build.0 = Debug|x64
		{DBD611CD-96B5-489B-AE6A-52B9A4F3FE0D}.Debug|x86.ActiveCfg = Debug|Win32
		{DBD611CD-96B5-489B-AE6A-52B9A4F3FE0D}.Debug|x86.Build.0 = Debug|Win32
		{DBD611CD-96B5-489B-AE6A-52B9A4F3FE0D}.Release|x64.ActiveCfg = Release|x64
		{DBD611CD-96B5-489B-AE6A-52B9A4F3FE0D}.Release|x64.Build.0 = Release|x64
		{DBD611CD-96B5-489B-AE6A-52B9A4F3FE0D}.Release|x86.ActiveCfg = Release|Win32
		{DBD611CD-96B5-489B-AE6A-52B9A4F3FE0D}.Release|x86.Build.0 = Release|Win32
		{70EB8A55-62A4-4CFE-BF93-ADBD22B7E843}.Debug|x64.ActiveCfg = Debug|x64
		{70EB8A55-62A4-4CFE-BF93-ADBD22B7E843}.Debug|x64.Build.0 = Debug|x64
		{70EB8A55-62A4-4CFE-BF93-ADBD22B7E843}.Debug|x86.ActiveCfg = Debug|Win32
		{70EB8A55-62A4-4CFE-BF93-ADBD22B7E843}.Debug|x86.Build.0 = Debug|Win32
		{70EB8A55-62A4-4CFE-BF93-ADBD22B7E843}.Release|x64.ActiveCfg = Release|x64
		{70EB8A55-62A4-4CFE-BF93-ADBD22B7E843}.Release|x64.Build.0 = Release|x64
		{70EB8A55-62A4-4CFE-BF93-ADBD22B7E843}.Release|x86.ActiveCfg = Release|Win32
		{70EB8A55-62A4-4CFE-BF93-ADBD22B7E843}.Release|x86.Build.0 = Release|Win32
		{C4601324-4E61-4FE9-9C58-682B8B99F8FD}.Debug|x64.ActiveCfg = Debug|x64
		{C4601324-4E61-4FE9-9C58-682B8B99F8FD}.Debug|x64.Build.0 = Debug|x64
		{C4601324-4E61-4FE9-9C58-682B8B99F8FD}.Debug|x86.ActiveCfg = Debug|Win32
		{C4601324-4E61-4FE9-9C58-682B8B99F8FD}.Debug|x86.Build.0 = Debug|Win32
		{C4601324-4E61-4FE9-9C58-682B8B99F8FD}.Release|x64.ActiveCfg = Release|x64
		{C4601324-4E61-4FE9-9C58-682B8B99F8FD}.Release|x64.Build.0 = Release|x64
		{C4601324-4E61-4FE9-9C58-682B8B99F8FD}.Release|x86.ActiveCfg = Release|Win32
		{C4601324-4E61-4FE9-9C58-682B8B99F8FD}.Release|x86.Build.0 = Release|Win32
		{8E913952-E6C6-434D-AC39-D01BE29F4BD3}.Debug|x64.ActiveCfg = Debug|x64
		{8E913952-E6C6-434D-AC39-D01BE29F4BD3}.Debug|x64.Build.0 = Debug|x64
		{8E913952-E6C6-434D-AC39-D01BE29F4BD3}.Debug|x86.ActiveCfg = Debug|Win32
		{8E913952-E6C6-434D-AC39-D01BE29F4BD3}.Debug|x86.Build.0 = Debug|Win32
		{8E913952-E6C6-434D-AC39-D01BE29F4BD3}.Release|x64.ActiveCfg = Release|x64
		{8E913952-E6C6-434D-AC39-D01BE29F4BD3}.Release|x64.Build.0 = Release|x64
		{8E913952-E6C6-434D-AC39-D01BE29F4BD3}.Release|x86.ActiveCfg = Release|Win32
		{8E913952-E6C6-434D-AC39-D01BE29F4BD3}.Release|x86.Build.0 = Release|Win32
		{602B7E70-F712-4BC9-B550-F87F3F2598F8}.Debug|x64.ActiveCfg = Debug|x64
		{602B7E70-F712-4BC9-B550-F87F3F2598F8}.Debug|x64.Build.0 = Debug|x64
		{602B7E70-F712-4BC9-B550-F87F3F2598F8}.Debug|x86.ActiveCfg = Debug|Win32
		{602B7E70-F712-4BC9-B550-F87F3F2598F8}.Debug|x86.Build.0 = Debug|Win32
		{602B7E70-F712-4BC9-B550-F87F3F2598F8}.Release|x64.ActiveCfg = Release|x64
		{602B7E70-F712-4BC9-B550-F87F3F2598F8}.Release|x64.Build.0 = Release|x64
		{602B7E70-F712-4BC9-B550-F87F3F2598F8}.Release|x86.ActiveCfg = Release|Win32
		{602B7E70-F712-4BC9-B550-F87F3F2598F8}.Release|x86.Build.0 = Release|Win32
		{857079A0-E66B-47D9-9AC5-3144728580E7}.Debug|x64.ActiveCfg = Debug|x64
		{857079A0-E66B-47D9-9AC5-3144728580E7}.Debug|x64.Build.0 = Debug|x64
		{857079A0-E66B-47D9-9AC5-3144728580E7}.Debug|x86.ActiveCfg = Debug|Win32
		{857079A0-E66B-47D9-9AC5-3144728580E7}.Debug|x86.Build.0 = Debug|Win32
		{857079A0-E66B-47D9-9AC5-3144728580E7}.Release|x64.ActiveCfg = Release|x64
		{857079A0-E66B-47D9-9AC5-3144728580E7}.Release|x64.Build.0 = Release|x64
		{857079A0-E66B-47D9-9AC5-3144728580E7}.Release|x86.ActiveCfg = Release|Win32
		{857079A0-E66B-47D9-9AC5-3144728580E7}.Release|x86.Build.0 = Release|Win32
		{07547B78-ED0C-4261-A8EB-351F3E221DE0}.Debug|x64.ActiveCfg = Debug|x64
		{07547B78-ED0C-4261-A8EB-351F3E221DE0}.Debug|x64.Build.0 = Debug|x64
		{07547B78-ED0C-4261-A8EB-351F3E221DE0}.Debug|x86.ActiveCfg = Debug|Win32
		{07547B78-ED0C-4261-A8EB-351F3E221DE0}.Debug|x86.Build.0 = Debug|Win32
		{07547B78-ED0C-4261-A8EB-351F3E221DE0}.Release|x64.ActiveCfg = Release|x64
		{07547B78-ED0C-4261-A8EB-351F3E221DE0}.Release|x64.Build.0 = Release|x64
		{07547B78-ED0C-4261-A8EB-351F3E221DE0}.Release|x86.ActiveCfg = Release|Win32
		{07547B78-ED0C-4261-A8EB-351F3E221DE0}.Release|x86.Build.0 = Release|Win32
	EndGlobalSection
	GlobalSection(SolutionProperties) = preSolution
		HideSolutionNode = FALSE
	EndGlobalSection
	GlobalSection(ExtensibilityGlobals) = postSolution
		SolutionGuid = {B0E21EAB-188F-4F01-8924-696C1EB66E57}
	EndGlobalSection
EndGlobal
