
Microsoft Visual Studio Solution File, Format Version 12.00
# Visual Studio 15
VisualStudioVersion = 15.0.27703.2035
MinimumVisualStudioVersion = 10.0.40219.1
Project("{8BC9CEB8-8B4A-11D0-8D11-00A0C91BC942}") = "exam01_alienGame", "exam01\exam01.vcxproj", "{3BABFD0A-735A-4444-963E-A23B6085FDFD}"
EndProject
Project("{8BC9CEB8-8B4A-11D0-8D11-00A0C91BC942}") = "exam02 Win32", "exam02 Win32\exam02 Win32.vcxproj", "{853673B7-2A82-402E-A411-4ED1B84B933E}"
EndProject
Project("{8BC9CEB8-8B4A-11D0-8D11-00A0C91BC942}") = "exam03_gdiplus1 Win32", "exam03_gdiplus1 Win32\exam03_gdiplus1 Win32.vcxproj", "{5D942FF2-F2B7-4578-BF64-1F5294C463C7}"
EndProject
Project("{8BC9CEB8-8B4A-11D0-8D11-00A0C91BC942}") = "exam4", "exam4\exam4.vcxproj", "{219FC260-62C9-4D4A-97CB-3825A6BB87A6}"
EndProject
Project("{8BC9CEB8-8B4A-11D0-8D11-00A0C91BC942}") = "exam5", "exam5\exam5.vcxproj", "{22C526D2-EA18-45BE-BBCA-00060E3B7AC3}"
EndProject
Global
	GlobalSection(SolutionConfigurationPlatforms) = preSolution
		Debug|x64 = Debug|x64
		Debug|x86 = Debug|x86
		Release|x64 = Release|x64
		Release|x86 = Release|x86
	EndGlobalSection
	GlobalSection(ProjectConfigurationPlatforms) = postSolution
		{3BABFD0A-735A-4444-963E-A23B6085FDFD}.Debug|x64.ActiveCfg = Debug|x64
		{3BABFD0A-735A-4444-963E-A23B6085FDFD}.Debug|x64.Build.0 = Debug|x64
		{3BABFD0A-735A-4444-963E-A23B6085FDFD}.Debug|x86.ActiveCfg = Debug|Win32
		{3BABFD0A-735A-4444-963E-A23B6085FDFD}.Debug|x86.Build.0 = Debug|Win32
		{3BABFD0A-735A-4444-963E-A23B6085FDFD}.Release|x64.ActiveCfg = Release|x64
		{3BABFD0A-735A-4444-963E-A23B6085FDFD}.Release|x64.Build.0 = Release|x64
		{3BABFD0A-735A-4444-963E-A23B6085FDFD}.Release|x86.ActiveCfg = Release|Win32
		{3BABFD0A-735A-4444-963E-A23B6085FDFD}.Release|x86.Build.0 = Release|Win32
		{853673B7-2A82-402E-A411-4ED1B84B933E}.Debug|x64.ActiveCfg = Debug|x64
		{853673B7-2A82-402E-A411-4ED1B84B933E}.Debug|x64.Build.0 = Debug|x64
		{853673B7-2A82-402E-A411-4ED1B84B933E}.Debug|x86.ActiveCfg = Debug|Win32
		{853673B7-2A82-402E-A411-4ED1B84B933E}.Debug|x86.Build.0 = Debug|Win32
		{853673B7-2A82-402E-A411-4ED1B84B933E}.Release|x64.ActiveCfg = Release|x64
		{853673B7-2A82-402E-A411-4ED1B84B933E}.Release|x64.Build.0 = Release|x64
		{853673B7-2A82-402E-A411-4ED1B84B933E}.Release|x86.ActiveCfg = Release|Win32
		{853673B7-2A82-402E-A411-4ED1B84B933E}.Release|x86.Build.0 = Release|Win32
		{5D942FF2-F2B7-4578-BF64-1F5294C463C7}.Debug|x64.ActiveCfg = Debug|x64
		{5D942FF2-F2B7-4578-BF64-1F5294C463C7}.Debug|x64.Build.0 = Debug|x64
		{5D942FF2-F2B7-4578-BF64-1F5294C463C7}.Debug|x86.ActiveCfg = Debug|Win32
		{5D942FF2-F2B7-4578-BF64-1F5294C463C7}.Debug|x86.Build.0 = Debug|Win32
		{5D942FF2-F2B7-4578-BF64-1F5294C463C7}.Release|x64.ActiveCfg = Release|x64
		{5D942FF2-F2B7-4578-BF64-1F5294C463C7}.Release|x64.Build.0 = Release|x64
		{5D942FF2-F2B7-4578-BF64-1F5294C463C7}.Release|x86.ActiveCfg = Release|Win32
		{5D942FF2-F2B7-4578-BF64-1F5294C463C7}.Release|x86.Build.0 = Release|Win32
		{219FC260-62C9-4D4A-97CB-3825A6BB87A6}.Debug|x64.ActiveCfg = Debug|x64
		{219FC260-62C9-4D4A-97CB-3825A6BB87A6}.Debug|x64.Build.0 = Debug|x64
		{219FC260-62C9-4D4A-97CB-3825A6BB87A6}.Debug|x86.ActiveCfg = Debug|Win32
		{219FC260-62C9-4D4A-97CB-3825A6BB87A6}.Debug|x86.Build.0 = Debug|Win32
		{219FC260-62C9-4D4A-97CB-3825A6BB87A6}.Release|x64.ActiveCfg = Release|x64
		{219FC260-62C9-4D4A-97CB-3825A6BB87A6}.Release|x64.Build.0 = Release|x64
		{219FC260-62C9-4D4A-97CB-3825A6BB87A6}.Release|x86.ActiveCfg = Release|Win32
		{219FC260-62C9-4D4A-97CB-3825A6BB87A6}.Release|x86.Build.0 = Release|Win32
		{22C526D2-EA18-45BE-BBCA-00060E3B7AC3}.Debug|x64.ActiveCfg = Debug|x64
		{22C526D2-EA18-45BE-BBCA-00060E3B7AC3}.Debug|x64.Build.0 = Debug|x64
		{22C526D2-EA18-45BE-BBCA-00060E3B7AC3}.Debug|x86.ActiveCfg = Debug|Win32
		{22C526D2-EA18-45BE-BBCA-00060E3B7AC3}.Debug|x86.Build.0 = Debug|Win32
		{22C526D2-EA18-45BE-BBCA-00060E3B7AC3}.Release|x64.ActiveCfg = Release|x64
		{22C526D2-EA18-45BE-BBCA-00060E3B7AC3}.Release|x64.Build.0 = Release|x64
		{22C526D2-EA18-45BE-BBCA-00060E3B7AC3}.Release|x86.ActiveCfg = Release|Win32
		{22C526D2-EA18-45BE-BBCA-00060E3B7AC3}.Release|x86.Build.0 = Release|Win32
	EndGlobalSection
	GlobalSection(SolutionProperties) = preSolution
		HideSolutionNode = FALSE
	EndGlobalSection
	GlobalSection(ExtensibilityGlobals) = postSolution
		SolutionGuid = {E9020F86-9C4F-4C15-BB00-027F3C85D43E}
	EndGlobalSection
EndGlobal
