
Microsoft Visual Studio Solution File, Format Version 12.00
# Visual Studio 15
VisualStudioVersion = 15.0.27703.2035
MinimumVisualStudioVersion = 10.0.40219.1
Project("{8BC9CEB8-8B4A-11D0-8D11-00A0C91BC942}") = "exam01", "exam01\exam01.vcxproj", "{C8F93E89-005A-43BB-9AD0-83333184FF8C}"
EndProject
Project("{8BC9CEB8-8B4A-11D0-8D11-00A0C91BC942}") = "exam02", "exam02\exam02.vcxproj", "{83DB8CF3-B3E9-4356-9E1A-423F30C7C488}"
EndProject
Project("{8BC9CEB8-8B4A-11D0-8D11-00A0C91BC942}") = "exam03", "exam03\exam03.vcxproj", "{1EB148EA-D988-4166-9D89-996BE1BF32C4}"
EndProject
Project("{8BC9CEB8-8B4A-11D0-8D11-00A0C91BC942}") = "exam04", "exam04\exam04.vcxproj", "{800338D2-DCD2-4A3B-A589-8E6A1DB3DD50}"
EndProject
Project("{8BC9CEB8-8B4A-11D0-8D11-00A0C91BC942}") = "exam05", "exam05\exam05.vcxproj", "{3019FA92-E9E6-46E1-BBE9-B26AE37A4FE2}"
EndProject
Project("{8BC9CEB8-8B4A-11D0-8D11-00A0C91BC942}") = "exam06", "exam06\exam06.vcxproj", "{5B31F5CC-5A42-4C0B-81BF-F7A42D71F247}"
EndProject
Project("{8BC9CEB8-8B4A-11D0-8D11-00A0C91BC942}") = "exam07", "exam07\exam07.vcxproj", "{2D306F09-025F-42F9-B5B4-3BC4628C681B}"
EndProject
Project("{8BC9CEB8-8B4A-11D0-8D11-00A0C91BC942}") = "exam08", "exam08\exam08.vcxproj", "{32FA869E-14EB-4649-B6C6-BBADAF735F11}"
EndProject
Project("{8BC9CEB8-8B4A-11D0-8D11-00A0C91BC942}") = "exam09", "exam09\exam09.vcxproj", "{E45E82CA-DB70-40AF-AD1E-7AE4382F1B16}"
EndProject
Global
	GlobalSection(SolutionConfigurationPlatforms) = preSolution
		Debug|x64 = Debug|x64
		Debug|x86 = Debug|x86
		Release|x64 = Release|x64
		Release|x86 = Release|x86
	EndGlobalSection
	GlobalSection(ProjectConfigurationPlatforms) = postSolution
		{C8F93E89-005A-43BB-9AD0-83333184FF8C}.Debug|x64.ActiveCfg = Debug|x64
		{C8F93E89-005A-43BB-9AD0-83333184FF8C}.Debug|x64.Build.0 = Debug|x64
		{C8F93E89-005A-43BB-9AD0-83333184FF8C}.Debug|x86.ActiveCfg = Debug|Win32
		{C8F93E89-005A-43BB-9AD0-83333184FF8C}.Debug|x86.Build.0 = Debug|Win32
		{C8F93E89-005A-43BB-9AD0-83333184FF8C}.Release|x64.ActiveCfg = Release|x64
		{C8F93E89-005A-43BB-9AD0-83333184FF8C}.Release|x64.Build.0 = Release|x64
		{C8F93E89-005A-43BB-9AD0-83333184FF8C}.Release|x86.ActiveCfg = Release|Win32
		{C8F93E89-005A-43BB-9AD0-83333184FF8C}.Release|x86.Build.0 = Release|Win32
		{83DB8CF3-B3E9-4356-9E1A-423F30C7C488}.Debug|x64.ActiveCfg = Debug|x64
		{83DB8CF3-B3E9-4356-9E1A-423F30C7C488}.Debug|x64.Build.0 = Debug|x64
		{83DB8CF3-B3E9-4356-9E1A-423F30C7C488}.Debug|x86.ActiveCfg = Debug|Win32
		{83DB8CF3-B3E9-4356-9E1A-423F30C7C488}.Debug|x86.Build.0 = Debug|Win32
		{83DB8CF3-B3E9-4356-9E1A-423F30C7C488}.Release|x64.ActiveCfg = Release|x64
		{83DB8CF3-B3E9-4356-9E1A-423F30C7C488}.Release|x64.Build.0 = Release|x64
		{83DB8CF3-B3E9-4356-9E1A-423F30C7C488}.Release|x86.ActiveCfg = Release|Win32
		{83DB8CF3-B3E9-4356-9E1A-423F30C7C488}.Release|x86.Build.0 = Release|Win32
		{1EB148EA-D988-4166-9D89-996BE1BF32C4}.Debug|x64.ActiveCfg = Debug|x64
		{1EB148EA-D988-4166-9D89-996BE1BF32C4}.Debug|x64.Build.0 = Debug|x64
		{1EB148EA-D988-4166-9D89-996BE1BF32C4}.Debug|x86.ActiveCfg = Debug|Win32
		{1EB148EA-D988-4166-9D89-996BE1BF32C4}.Debug|x86.Build.0 = Debug|Win32
		{1EB148EA-D988-4166-9D89-996BE1BF32C4}.Release|x64.ActiveCfg = Release|x64
		{1EB148EA-D988-4166-9D89-996BE1BF32C4}.Release|x64.Build.0 = Release|x64
		{1EB148EA-D988-4166-9D89-996BE1BF32C4}.Release|x86.ActiveCfg = Release|Win32
		{1EB148EA-D988-4166-9D89-996BE1BF32C4}.Release|x86.Build.0 = Release|Win32
		{800338D2-DCD2-4A3B-A589-8E6A1DB3DD50}.Debug|x64.ActiveCfg = Debug|x64
		{800338D2-DCD2-4A3B-A589-8E6A1DB3DD50}.Debug|x64.Build.0 = Debug|x64
		{800338D2-DCD2-4A3B-A589-8E6A1DB3DD50}.Debug|x86.ActiveCfg = Debug|Win32
		{800338D2-DCD2-4A3B-A589-8E6A1DB3DD50}.Debug|x86.Build.0 = Debug|Win32
		{800338D2-DCD2-4A3B-A589-8E6A1DB3DD50}.Release|x64.ActiveCfg = Release|x64
		{800338D2-DCD2-4A3B-A589-8E6A1DB3DD50}.Release|x64.Build.0 = Release|x64
		{800338D2-DCD2-4A3B-A589-8E6A1DB3DD50}.Release|x86.ActiveCfg = Release|Win32
		{800338D2-DCD2-4A3B-A589-8E6A1DB3DD50}.Release|x86.Build.0 = Release|Win32
		{3019FA92-E9E6-46E1-BBE9-B26AE37A4FE2}.Debug|x64.ActiveCfg = Debug|x64
		{3019FA92-E9E6-46E1-BBE9-B26AE37A4FE2}.Debug|x64.Build.0 = Debug|x64
		{3019FA92-E9E6-46E1-BBE9-B26AE37A4FE2}.Debug|x86.ActiveCfg = Debug|Win32
		{3019FA92-E9E6-46E1-BBE9-B26AE37A4FE2}.Debug|x86.Build.0 = Debug|Win32
		{3019FA92-E9E6-46E1-BBE9-B26AE37A4FE2}.Release|x64.ActiveCfg = Release|x64
		{3019FA92-E9E6-46E1-BBE9-B26AE37A4FE2}.Release|x64.Build.0 = Release|x64
		{3019FA92-E9E6-46E1-BBE9-B26AE37A4FE2}.Release|x86.ActiveCfg = Release|Win32
		{3019FA92-E9E6-46E1-BBE9-B26AE37A4FE2}.Release|x86.Build.0 = Release|Win32
		{5B31F5CC-5A42-4C0B-81BF-F7A42D71F247}.Debug|x64.ActiveCfg = Debug|x64
		{5B31F5CC-5A42-4C0B-81BF-F7A42D71F247}.Debug|x64.Build.0 = Debug|x64
		{5B31F5CC-5A42-4C0B-81BF-F7A42D71F247}.Debug|x86.ActiveCfg = Debug|Win32
		{5B31F5CC-5A42-4C0B-81BF-F7A42D71F247}.Debug|x86.Build.0 = Debug|Win32
		{5B31F5CC-5A42-4C0B-81BF-F7A42D71F247}.Release|x64.ActiveCfg = Release|x64
		{5B31F5CC-5A42-4C0B-81BF-F7A42D71F247}.Release|x64.Build.0 = Release|x64
		{5B31F5CC-5A42-4C0B-81BF-F7A42D71F247}.Release|x86.ActiveCfg = Release|Win32
		{5B31F5CC-5A42-4C0B-81BF-F7A42D71F247}.Release|x86.Build.0 = Release|Win32
		{2D306F09-025F-42F9-B5B4-3BC4628C681B}.Debug|x64.ActiveCfg = Debug|x64
		{2D306F09-025F-42F9-B5B4-3BC4628C681B}.Debug|x64.Build.0 = Debug|x64
		{2D306F09-025F-42F9-B5B4-3BC4628C681B}.Debug|x86.ActiveCfg = Debug|Win32
		{2D306F09-025F-42F9-B5B4-3BC4628C681B}.Debug|x86.Build.0 = Debug|Win32
		{2D306F09-025F-42F9-B5B4-3BC4628C681B}.Release|x64.ActiveCfg = Release|x64
		{2D306F09-025F-42F9-B5B4-3BC4628C681B}.Release|x64.Build.0 = Release|x64
		{2D306F09-025F-42F9-B5B4-3BC4628C681B}.Release|x86.ActiveCfg = Release|Win32
		{2D306F09-025F-42F9-B5B4-3BC4628C681B}.Release|x86.Build.0 = Release|Win32
		{32FA869E-14EB-4649-B6C6-BBADAF735F11}.Debug|x64.ActiveCfg = Debug|x64
		{32FA869E-14EB-4649-B6C6-BBADAF735F11}.Debug|x64.Build.0 = Debug|x64
		{32FA869E-14EB-4649-B6C6-BBADAF735F11}.Debug|x86.ActiveCfg = Debug|Win32
		{32FA869E-14EB-4649-B6C6-BBADAF735F11}.Debug|x86.Build.0 = Debug|Win32
		{32FA869E-14EB-4649-B6C6-BBADAF735F11}.Release|x64.ActiveCfg = Release|x64
		{32FA869E-14EB-4649-B6C6-BBADAF735F11}.Release|x64.Build.0 = Release|x64
		{32FA869E-14EB-4649-B6C6-BBADAF735F11}.Release|x86.ActiveCfg = Release|Win32
		{32FA869E-14EB-4649-B6C6-BBADAF735F11}.Release|x86.Build.0 = Release|Win32
		{E45E82CA-DB70-40AF-AD1E-7AE4382F1B16}.Debug|x64.ActiveCfg = Debug|x64
		{E45E82CA-DB70-40AF-AD1E-7AE4382F1B16}.Debug|x64.Build.0 = Debug|x64
		{E45E82CA-DB70-40AF-AD1E-7AE4382F1B16}.Debug|x86.ActiveCfg = Debug|Win32
		{E45E82CA-DB70-40AF-AD1E-7AE4382F1B16}.Debug|x86.Build.0 = Debug|Win32
		{E45E82CA-DB70-40AF-AD1E-7AE4382F1B16}.Release|x64.ActiveCfg = Release|x64
		{E45E82CA-DB70-40AF-AD1E-7AE4382F1B16}.Release|x64.Build.0 = Release|x64
		{E45E82CA-DB70-40AF-AD1E-7AE4382F1B16}.Release|x86.ActiveCfg = Release|Win32
		{E45E82CA-DB70-40AF-AD1E-7AE4382F1B16}.Release|x86.Build.0 = Release|Win32
	EndGlobalSection
	GlobalSection(SolutionProperties) = preSolution
		HideSolutionNode = FALSE
	EndGlobalSection
	GlobalSection(ExtensibilityGlobals) = postSolution
		SolutionGuid = {EDE7E948-5110-4DC1-AF57-551E33786F15}
	EndGlobalSection
EndGlobal
