
Microsoft Visual Studio Solution File, Format Version 12.00
# Visual Studio 15
VisualStudioVersion = 15.0.27703.2035
MinimumVisualStudioVersion = 10.0.40219.1
Project("{8BC9CEB8-8B4A-11D0-8D11-00A0C91BC942}") = "exam01", "exam01\exam01.vcxproj", "{2F60159B-540F-42C5-A1DB-F1CE6C961067}"
EndProject
Project("{8BC9CEB8-8B4A-11D0-8D11-00A0C91BC942}") = "exam02", "exam02\exam02.vcxproj", "{45E5BB25-7ECC-47A6-A340-93948FBBBCBB}"
EndProject
Project("{8BC9CEB8-8B4A-11D0-8D11-00A0C91BC942}") = "exam03", "exam03\exam03.vcxproj", "{AC1184EA-54D8-420D-86FE-4264B4186313}"
EndProject
Project("{8BC9CEB8-8B4A-11D0-8D11-00A0C91BC942}") = "exam05", "exam05\exam05.vcxproj", "{E95CECC7-8900-44E9-A738-B3E4996ED3EB}"
EndProject
Project("{8BC9CEB8-8B4A-11D0-8D11-00A0C91BC942}") = "exam06", "exam06\exam06.vcxproj", "{4F90830B-3005-484A-ACD3-443FE64250A5}"
EndProject
Project("{8BC9CEB8-8B4A-11D0-8D11-00A0C91BC942}") = "exam07", "exam07\exam07.vcxproj", "{3B57C109-93C1-4965-B8BB-A255D2BEAE77}"
EndProject
Project("{8BC9CEB8-8B4A-11D0-8D11-00A0C91BC942}") = "exam08", "exam08\exam08.vcxproj", "{C25E1C54-9AEA-4AC5-ACA7-2FA5AC9AE791}"
EndProject
Project("{8BC9CEB8-8B4A-11D0-8D11-00A0C91BC942}") = "exam09", "exam09\exam09.vcxproj", "{3DEB9630-FE1B-4ACB-AF96-E5DF6C61DD4C}"
EndProject
Project("{8BC9CEB8-8B4A-11D0-8D11-00A0C91BC942}") = "exam10", "exam10\exam10.vcxproj", "{C49D0950-6E4D-47E4-83E2-616E6467A072}"
EndProject
Project("{8BC9CEB8-8B4A-11D0-8D11-00A0C91BC942}") = "exam11", "exam11\exam11.vcxproj", "{D9FB0BA8-1919-4819-A715-EF580E132EB3}"
EndProject
Project("{8BC9CEB8-8B4A-11D0-8D11-00A0C91BC942}") = "exam12", "exam12\exam12.vcxproj", "{F5F1A5BD-7F6D-407C-B47C-A397266F0FFA}"
EndProject
Project("{8BC9CEB8-8B4A-11D0-8D11-00A0C91BC942}") = "exam13", "exam13\exam13.vcxproj", "{8C65900F-FB5F-4A7C-8BD6-E35392839BAA}"
EndProject
Project("{8BC9CEB8-8B4A-11D0-8D11-00A0C91BC942}") = "exam14", "exam14\exam14.vcxproj", "{E3B0C5E1-3490-48A0-A024-A269B5A29702}"
EndProject
Global
	GlobalSection(SolutionConfigurationPlatforms) = preSolution
		Debug|x64 = Debug|x64
		Debug|x86 = Debug|x86
		Release|x64 = Release|x64
		Release|x86 = Release|x86
	EndGlobalSection
	GlobalSection(ProjectConfigurationPlatforms) = postSolution
		{2F60159B-540F-42C5-A1DB-F1CE6C961067}.Debug|x64.ActiveCfg = Debug|x64
		{2F60159B-540F-42C5-A1DB-F1CE6C961067}.Debug|x64.Build.0 = Debug|x64
		{2F60159B-540F-42C5-A1DB-F1CE6C961067}.Debug|x86.ActiveCfg = Debug|Win32
		{2F60159B-540F-42C5-A1DB-F1CE6C961067}.Debug|x86.Build.0 = Debug|Win32
		{2F60159B-540F-42C5-A1DB-F1CE6C961067}.Release|x64.ActiveCfg = Release|x64
		{2F60159B-540F-42C5-A1DB-F1CE6C961067}.Release|x64.Build.0 = Release|x64
		{2F60159B-540F-42C5-A1DB-F1CE6C961067}.Release|x86.ActiveCfg = Release|Win32
		{2F60159B-540F-42C5-A1DB-F1CE6C961067}.Release|x86.Build.0 = Release|Win32
		{45E5BB25-7ECC-47A6-A340-93948FBBBCBB}.Debug|x64.ActiveCfg = Debug|x64
		{45E5BB25-7ECC-47A6-A340-93948FBBBCBB}.Debug|x64.Build.0 = Debug|x64
		{45E5BB25-7ECC-47A6-A340-93948FBBBCBB}.Debug|x86.ActiveCfg = Debug|Win32
		{45E5BB25-7ECC-47A6-A340-93948FBBBCBB}.Debug|x86.Build.0 = Debug|Win32
		{45E5BB25-7ECC-47A6-A340-93948FBBBCBB}.Release|x64.ActiveCfg = Release|x64
		{45E5BB25-7ECC-47A6-A340-93948FBBBCBB}.Release|x64.Build.0 = Release|x64
		{45E5BB25-7ECC-47A6-A340-93948FBBBCBB}.Release|x86.ActiveCfg = Release|Win32
		{45E5BB25-7ECC-47A6-A340-93948FBBBCBB}.Release|x86.Build.0 = Release|Win32
		{AC1184EA-54D8-420D-86FE-4264B4186313}.Debug|x64.ActiveCfg = Debug|x64
		{AC1184EA-54D8-420D-86FE-4264B4186313}.Debug|x64.Build.0 = Debug|x64
		{AC1184EA-54D8-420D-86FE-4264B4186313}.Debug|x86.ActiveCfg = Debug|Win32
		{AC1184EA-54D8-420D-86FE-4264B4186313}.Debug|x86.Build.0 = Debug|Win32
		{AC1184EA-54D8-420D-86FE-4264B4186313}.Release|x64.ActiveCfg = Release|x64
		{AC1184EA-54D8-420D-86FE-4264B4186313}.Release|x64.Build.0 = Release|x64
		{AC1184EA-54D8-420D-86FE-4264B4186313}.Release|x86.ActiveCfg = Release|Win32
		{AC1184EA-54D8-420D-86FE-4264B4186313}.Release|x86.Build.0 = Release|Win32
		{E95CECC7-8900-44E9-A738-B3E4996ED3EB}.Debug|x64.ActiveCfg = Debug|x64
		{E95CECC7-8900-44E9-A738-B3E4996ED3EB}.Debug|x64.Build.0 = Debug|x64
		{E95CECC7-8900-44E9-A738-B3E4996ED3EB}.Debug|x86.ActiveCfg = Debug|Win32
		{E95CECC7-8900-44E9-A738-B3E4996ED3EB}.Debug|x86.Build.0 = Debug|Win32
		{E95CECC7-8900-44E9-A738-B3E4996ED3EB}.Release|x64.ActiveCfg = Release|x64
		{E95CECC7-8900-44E9-A738-B3E4996ED3EB}.Release|x64.Build.0 = Release|x64
		{E95CECC7-8900-44E9-A738-B3E4996ED3EB}.Release|x86.ActiveCfg = Release|Win32
		{E95CECC7-8900-44E9-A738-B3E4996ED3EB}.Release|x86.Build.0 = Release|Win32
		{4F90830B-3005-484A-ACD3-443FE64250A5}.Debug|x64.ActiveCfg = Debug|x64
		{4F90830B-3005-484A-ACD3-443FE64250A5}.Debug|x64.Build.0 = Debug|x64
		{4F90830B-3005-484A-ACD3-443FE64250A5}.Debug|x86.ActiveCfg = Debug|Win32
		{4F90830B-3005-484A-ACD3-443FE64250A5}.Debug|x86.Build.0 = Debug|Win32
		{4F90830B-3005-484A-ACD3-443FE64250A5}.Release|x64.ActiveCfg = Release|x64
		{4F90830B-3005-484A-ACD3-443FE64250A5}.Release|x64.Build.0 = Release|x64
		{4F90830B-3005-484A-ACD3-443FE64250A5}.Release|x86.ActiveCfg = Release|Win32
		{4F90830B-3005-484A-ACD3-443FE64250A5}.Release|x86.Build.0 = Release|Win32
		{3B57C109-93C1-4965-B8BB-A255D2BEAE77}.Debug|x64.ActiveCfg = Debug|x64
		{3B57C109-93C1-4965-B8BB-A255D2BEAE77}.Debug|x64.Build.0 = Debug|x64
		{3B57C109-93C1-4965-B8BB-A255D2BEAE77}.Debug|x86.ActiveCfg = Debug|Win32
		{3B57C109-93C1-4965-B8BB-A255D2BEAE77}.Debug|x86.Build.0 = Debug|Win32
		{3B57C109-93C1-4965-B8BB-A255D2BEAE77}.Release|x64.ActiveCfg = Release|x64
		{3B57C109-93C1-4965-B8BB-A255D2BEAE77}.Release|x64.Build.0 = Release|x64
		{3B57C109-93C1-4965-B8BB-A255D2BEAE77}.Release|x86.ActiveCfg = Release|Win32
		{3B57C109-93C1-4965-B8BB-A255D2BEAE77}.Release|x86.Build.0 = Release|Win32
		{C25E1C54-9AEA-4AC5-ACA7-2FA5AC9AE791}.Debug|x64.ActiveCfg = Debug|x64
		{C25E1C54-9AEA-4AC5-ACA7-2FA5AC9AE791}.Debug|x64.Build.0 = Debug|x64
		{C25E1C54-9AEA-4AC5-ACA7-2FA5AC9AE791}.Debug|x86.ActiveCfg = Debug|Win32
		{C25E1C54-9AEA-4AC5-ACA7-2FA5AC9AE791}.Debug|x86.Build.0 = Debug|Win32
		{C25E1C54-9AEA-4AC5-ACA7-2FA5AC9AE791}.Release|x64.ActiveCfg = Release|x64
		{C25E1C54-9AEA-4AC5-ACA7-2FA5AC9AE791}.Release|x64.Build.0 = Release|x64
		{C25E1C54-9AEA-4AC5-ACA7-2FA5AC9AE791}.Release|x86.ActiveCfg = Release|Win32
		{C25E1C54-9AEA-4AC5-ACA7-2FA5AC9AE791}.Release|x86.Build.0 = Release|Win32
		{3DEB9630-FE1B-4ACB-AF96-E5DF6C61DD4C}.Debug|x64.ActiveCfg = Debug|x64
		{3DEB9630-FE1B-4ACB-AF96-E5DF6C61DD4C}.Debug|x64.Build.0 = Debug|x64
		{3DEB9630-FE1B-4ACB-AF96-E5DF6C61DD4C}.Debug|x86.ActiveCfg = Debug|Win32
		{3DEB9630-FE1B-4ACB-AF96-E5DF6C61DD4C}.Debug|x86.Build.0 = Debug|Win32
		{3DEB9630-FE1B-4ACB-AF96-E5DF6C61DD4C}.Release|x64.ActiveCfg = Release|x64
		{3DEB9630-FE1B-4ACB-AF96-E5DF6C61DD4C}.Release|x64.Build.0 = Release|x64
		{3DEB9630-FE1B-4ACB-AF96-E5DF6C61DD4C}.Release|x86.ActiveCfg = Release|Win32
		{3DEB9630-FE1B-4ACB-AF96-E5DF6C61DD4C}.Release|x86.Build.0 = Release|Win32
		{C49D0950-6E4D-47E4-83E2-616E6467A072}.Debug|x64.ActiveCfg = Debug|x64
		{C49D0950-6E4D-47E4-83E2-616E6467A072}.Debug|x64.Build.0 = Debug|x64
		{C49D0950-6E4D-47E4-83E2-616E6467A072}.Debug|x86.ActiveCfg = Debug|Win32
		{C49D0950-6E4D-47E4-83E2-616E6467A072}.Debug|x86.Build.0 = Debug|Win32
		{C49D0950-6E4D-47E4-83E2-616E6467A072}.Release|x64.ActiveCfg = Release|x64
		{C49D0950-6E4D-47E4-83E2-616E6467A072}.Release|x64.Build.0 = Release|x64
		{C49D0950-6E4D-47E4-83E2-616E6467A072}.Release|x86.ActiveCfg = Release|Win32
		{C49D0950-6E4D-47E4-83E2-616E6467A072}.Release|x86.Build.0 = Release|Win32
		{D9FB0BA8-1919-4819-A715-EF580E132EB3}.Debug|x64.ActiveCfg = Debug|x64
		{D9FB0BA8-1919-4819-A715-EF580E132EB3}.Debug|x64.Build.0 = Debug|x64
		{D9FB0BA8-1919-4819-A715-EF580E132EB3}.Debug|x86.ActiveCfg = Debug|Win32
		{D9FB0BA8-1919-4819-A715-EF580E132EB3}.Debug|x86.Build.0 = Debug|Win32
		{D9FB0BA8-1919-4819-A715-EF580E132EB3}.Release|x64.ActiveCfg = Release|x64
		{D9FB0BA8-1919-4819-A715-EF580E132EB3}.Release|x64.Build.0 = Release|x64
		{D9FB0BA8-1919-4819-A715-EF580E132EB3}.Release|x86.ActiveCfg = Release|Win32
		{D9FB0BA8-1919-4819-A715-EF580E132EB3}.Release|x86.Build.0 = Release|Win32
		{F5F1A5BD-7F6D-407C-B47C-A397266F0FFA}.Debug|x64.ActiveCfg = Debug|x64
		{F5F1A5BD-7F6D-407C-B47C-A397266F0FFA}.Debug|x64.Build.0 = Debug|x64
		{F5F1A5BD-7F6D-407C-B47C-A397266F0FFA}.Debug|x86.ActiveCfg = Debug|Win32
		{F5F1A5BD-7F6D-407C-B47C-A397266F0FFA}.Debug|x86.Build.0 = Debug|Win32
		{F5F1A5BD-7F6D-407C-B47C-A397266F0FFA}.Release|x64.ActiveCfg = Release|x64
		{F5F1A5BD-7F6D-407C-B47C-A397266F0FFA}.Release|x64.Build.0 = Release|x64
		{F5F1A5BD-7F6D-407C-B47C-A397266F0FFA}.Release|x86.ActiveCfg = Release|Win32
		{F5F1A5BD-7F6D-407C-B47C-A397266F0FFA}.Release|x86.Build.0 = Release|Win32
		{8C65900F-FB5F-4A7C-8BD6-E35392839BAA}.Debug|x64.ActiveCfg = Debug|x64
		{8C65900F-FB5F-4A7C-8BD6-E35392839BAA}.Debug|x64.Build.0 = Debug|x64
		{8C65900F-FB5F-4A7C-8BD6-E35392839BAA}.Debug|x86.ActiveCfg = Debug|Win32
		{8C65900F-FB5F-4A7C-8BD6-E35392839BAA}.Debug|x86.Build.0 = Debug|Win32
		{8C65900F-FB5F-4A7C-8BD6-E35392839BAA}.Release|x64.ActiveCfg = Release|x64
		{8C65900F-FB5F-4A7C-8BD6-E35392839BAA}.Release|x64.Build.0 = Release|x64
		{8C65900F-FB5F-4A7C-8BD6-E35392839BAA}.Release|x86.ActiveCfg = Release|Win32
		{8C65900F-FB5F-4A7C-8BD6-E35392839BAA}.Release|x86.Build.0 = Release|Win32
		{E3B0C5E1-3490-48A0-A024-A269B5A29702}.Debug|x64.ActiveCfg = Debug|x64
		{E3B0C5E1-3490-48A0-A024-A269B5A29702}.Debug|x64.Build.0 = Debug|x64
		{E3B0C5E1-3490-48A0-A024-A269B5A29702}.Debug|x86.ActiveCfg = Debug|Win32
		{E3B0C5E1-3490-48A0-A024-A269B5A29702}.Debug|x86.Build.0 = Debug|Win32
		{E3B0C5E1-3490-48A0-A024-A269B5A29702}.Release|x64.ActiveCfg = Release|x64
		{E3B0C5E1-3490-48A0-A024-A269B5A29702}.Release|x64.Build.0 = Release|x64
		{E3B0C5E1-3490-48A0-A024-A269B5A29702}.Release|x86.ActiveCfg = Release|Win32
		{E3B0C5E1-3490-48A0-A024-A269B5A29702}.Release|x86.Build.0 = Release|Win32
	EndGlobalSection
	GlobalSection(SolutionProperties) = preSolution
		HideSolutionNode = FALSE
	EndGlobalSection
	GlobalSection(ExtensibilityGlobals) = postSolution
		SolutionGuid = {AA7B1ABF-97E7-4A0C-B60D-486D45938CEA}
	EndGlobalSection
EndGlobal
