
Microsoft Visual Studio Solution File, Format Version 12.00
# Visual Studio 15
VisualStudioVersion = 15.0.27703.2035
MinimumVisualStudioVersion = 10.0.40219.1
Project("{8BC9CEB8-8B4A-11D0-8D11-00A0C91BC942}") = "exam1", "exam1\exam1.vcxproj", "{9D0FE8B7-2136-4E0F-ACF9-97079F1CBB66}"
EndProject
Project("{8BC9CEB8-8B4A-11D0-8D11-00A0C91BC942}") = "exam2", "exam2\exam2.vcxproj", "{C8F04833-6FFE-4112-8594-94277F2C4CAF}"
EndProject
Project("{8BC9CEB8-8B4A-11D0-8D11-00A0C91BC942}") = "exam3", "exam3\exam3.vcxproj", "{B640727E-2127-46A0-9EAE-E063BCFDA9C9}"
EndProject
Project("{8BC9CEB8-8B4A-11D0-8D11-00A0C91BC942}") = "exam4", "exam4\exam4.vcxproj", "{45737A81-BAEE-44B1-BEE5-4E3A79C778BE}"
EndProject
Project("{8BC9CEB8-8B4A-11D0-8D11-00A0C91BC942}") = "exam5", "exam5\exam5.vcxproj", "{1021CAF5-0A8B-43F3-80D6-1B5C29C871FC}"
EndProject
Project("{8BC9CEB8-8B4A-11D0-8D11-00A0C91BC942}") = "exam6", "exam6\exam6.vcxproj", "{1B2A64DB-E782-440B-8854-5501014265A2}"
EndProject
Project("{8BC9CEB8-8B4A-11D0-8D11-00A0C91BC942}") = "exam7", "exam7\exam7.vcxproj", "{F68C3DED-8583-4D6F-9CC3-6C583C83E5CE}"
EndProject
Project("{8BC9CEB8-8B4A-11D0-8D11-00A0C91BC942}") = "exam8", "exam8\exam8.vcxproj", "{2FF65CBD-CB25-4F35-A121-818A32102687}"
EndProject
Project("{8BC9CEB8-8B4A-11D0-8D11-00A0C91BC942}") = "exam9", "exam9\exam9.vcxproj", "{D999C226-6C05-405C-8347-AA9C3267A232}"
EndProject
Project("{8BC9CEB8-8B4A-11D0-8D11-00A0C91BC942}") = "exam10", "exam10\exam10.vcxproj", "{9F6EA47C-AD58-4814-B550-5CE3C2FEAFF3}"
EndProject
Project("{8BC9CEB8-8B4A-11D0-8D11-00A0C91BC942}") = "exam11", "exam11\exam11.vcxproj", "{8595F1C5-FCEF-427A-9FC0-CE416DA55DD2}"
EndProject
Global
	GlobalSection(SolutionConfigurationPlatforms) = preSolution
		Debug|x64 = Debug|x64
		Debug|x86 = Debug|x86
		Release|x64 = Release|x64
		Release|x86 = Release|x86
	EndGlobalSection
	GlobalSection(ProjectConfigurationPlatforms) = postSolution
		{9D0FE8B7-2136-4E0F-ACF9-97079F1CBB66}.Debug|x64.ActiveCfg = Debug|x64
		{9D0FE8B7-2136-4E0F-ACF9-97079F1CBB66}.Debug|x64.Build.0 = Debug|x64
		{9D0FE8B7-2136-4E0F-ACF9-97079F1CBB66}.Debug|x86.ActiveCfg = Debug|Win32
		{9D0FE8B7-2136-4E0F-ACF9-97079F1CBB66}.Debug|x86.Build.0 = Debug|Win32
		{9D0FE8B7-2136-4E0F-ACF9-97079F1CBB66}.Release|x64.ActiveCfg = Release|x64
		{9D0FE8B7-2136-4E0F-ACF9-97079F1CBB66}.Release|x64.Build.0 = Release|x64
		{9D0FE8B7-2136-4E0F-ACF9-97079F1CBB66}.Release|x86.ActiveCfg = Release|Win32
		{9D0FE8B7-2136-4E0F-ACF9-97079F1CBB66}.Release|x86.Build.0 = Release|Win32
		{C8F04833-6FFE-4112-8594-94277F2C4CAF}.Debug|x64.ActiveCfg = Debug|x64
		{C8F04833-6FFE-4112-8594-94277F2C4CAF}.Debug|x64.Build.0 = Debug|x64
		{C8F04833-6FFE-4112-8594-94277F2C4CAF}.Debug|x86.ActiveCfg = Debug|Win32
		{C8F04833-6FFE-4112-8594-94277F2C4CAF}.Debug|x86.Build.0 = Debug|Win32
		{C8F04833-6FFE-4112-8594-94277F2C4CAF}.Release|x64.ActiveCfg = Release|x64
		{C8F04833-6FFE-4112-8594-94277F2C4CAF}.Release|x64.Build.0 = Release|x64
		{C8F04833-6FFE-4112-8594-94277F2C4CAF}.Release|x86.ActiveCfg = Release|Win32
		{C8F04833-6FFE-4112-8594-94277F2C4CAF}.Release|x86.Build.0 = Release|Win32
		{B640727E-2127-46A0-9EAE-E063BCFDA9C9}.Debug|x64.ActiveCfg = Debug|x64
		{B640727E-2127-46A0-9EAE-E063BCFDA9C9}.Debug|x64.Build.0 = Debug|x64
		{B640727E-2127-46A0-9EAE-E063BCFDA9C9}.Debug|x86.ActiveCfg = Debug|Win32
		{B640727E-2127-46A0-9EAE-E063BCFDA9C9}.Debug|x86.Build.0 = Debug|Win32
		{B640727E-2127-46A0-9EAE-E063BCFDA9C9}.Release|x64.ActiveCfg = Release|x64
		{B640727E-2127-46A0-9EAE-E063BCFDA9C9}.Release|x64.Build.0 = Release|x64
		{B640727E-2127-46A0-9EAE-E063BCFDA9C9}.Release|x86.ActiveCfg = Release|Win32
		{B640727E-2127-46A0-9EAE-E063BCFDA9C9}.Release|x86.Build.0 = Release|Win32
		{45737A81-BAEE-44B1-BEE5-4E3A79C778BE}.Debug|x64.ActiveCfg = Debug|x64
		{45737A81-BAEE-44B1-BEE5-4E3A79C778BE}.Debug|x64.Build.0 = Debug|x64
		{45737A81-BAEE-44B1-BEE5-4E3A79C778BE}.Debug|x86.ActiveCfg = Debug|Win32
		{45737A81-BAEE-44B1-BEE5-4E3A79C778BE}.Debug|x86.Build.0 = Debug|Win32
		{45737A81-BAEE-44B1-BEE5-4E3A79C778BE}.Release|x64.ActiveCfg = Release|x64
		{45737A81-BAEE-44B1-BEE5-4E3A79C778BE}.Release|x64.Build.0 = Release|x64
		{45737A81-BAEE-44B1-BEE5-4E3A79C778BE}.Release|x86.ActiveCfg = Release|Win32
		{45737A81-BAEE-44B1-BEE5-4E3A79C778BE}.Release|x86.Build.0 = Release|Win32
		{1021CAF5-0A8B-43F3-80D6-1B5C29C871FC}.Debug|x64.ActiveCfg = Debug|x64
		{1021CAF5-0A8B-43F3-80D6-1B5C29C871FC}.Debug|x64.Build.0 = Debug|x64
		{1021CAF5-0A8B-43F3-80D6-1B5C29C871FC}.Debug|x86.ActiveCfg = Debug|Win32
		{1021CAF5-0A8B-43F3-80D6-1B5C29C871FC}.Debug|x86.Build.0 = Debug|Win32
		{1021CAF5-0A8B-43F3-80D6-1B5C29C871FC}.Release|x64.ActiveCfg = Release|x64
		{1021CAF5-0A8B-43F3-80D6-1B5C29C871FC}.Release|x64.Build.0 = Release|x64
		{1021CAF5-0A8B-43F3-80D6-1B5C29C871FC}.Release|x86.ActiveCfg = Release|Win32
		{1021CAF5-0A8B-43F3-80D6-1B5C29C871FC}.Release|x86.Build.0 = Release|Win32
		{1B2A64DB-E782-440B-8854-5501014265A2}.Debug|x64.ActiveCfg = Debug|x64
		{1B2A64DB-E782-440B-8854-5501014265A2}.Debug|x64.Build.0 = Debug|x64
		{1B2A64DB-E782-440B-8854-5501014265A2}.Debug|x86.ActiveCfg = Debug|Win32
		{1B2A64DB-E782-440B-8854-5501014265A2}.Debug|x86.Build.0 = Debug|Win32
		{1B2A64DB-E782-440B-8854-5501014265A2}.Release|x64.ActiveCfg = Release|x64
		{1B2A64DB-E782-440B-8854-5501014265A2}.Release|x64.Build.0 = Release|x64
		{1B2A64DB-E782-440B-8854-5501014265A2}.Release|x86.ActiveCfg = Release|Win32
		{1B2A64DB-E782-440B-8854-5501014265A2}.Release|x86.Build.0 = Release|Win32
		{F68C3DED-8583-4D6F-9CC3-6C583C83E5CE}.Debug|x64.ActiveCfg = Debug|x64
		{F68C3DED-8583-4D6F-9CC3-6C583C83E5CE}.Debug|x64.Build.0 = Debug|x64
		{F68C3DED-8583-4D6F-9CC3-6C583C83E5CE}.Debug|x86.ActiveCfg = Debug|Win32
		{F68C3DED-8583-4D6F-9CC3-6C583C83E5CE}.Debug|x86.Build.0 = Debug|Win32
		{F68C3DED-8583-4D6F-9CC3-6C583C83E5CE}.Release|x64.ActiveCfg = Release|x64
		{F68C3DED-8583-4D6F-9CC3-6C583C83E5CE}.Release|x64.Build.0 = Release|x64
		{F68C3DED-8583-4D6F-9CC3-6C583C83E5CE}.Release|x86.ActiveCfg = Release|Win32
		{F68C3DED-8583-4D6F-9CC3-6C583C83E5CE}.Release|x86.Build.0 = Release|Win32
		{2FF65CBD-CB25-4F35-A121-818A32102687}.Debug|x64.ActiveCfg = Debug|x64
		{2FF65CBD-CB25-4F35-A121-818A32102687}.Debug|x64.Build.0 = Debug|x64
		{2FF65CBD-CB25-4F35-A121-818A32102687}.Debug|x86.ActiveCfg = Debug|Win32
		{2FF65CBD-CB25-4F35-A121-818A32102687}.Debug|x86.Build.0 = Debug|Win32
		{2FF65CBD-CB25-4F35-A121-818A32102687}.Release|x64.ActiveCfg = Release|x64
		{2FF65CBD-CB25-4F35-A121-818A32102687}.Release|x64.Build.0 = Release|x64
		{2FF65CBD-CB25-4F35-A121-818A32102687}.Release|x86.ActiveCfg = Release|Win32
		{2FF65CBD-CB25-4F35-A121-818A32102687}.Release|x86.Build.0 = Release|Win32
		{D999C226-6C05-405C-8347-AA9C3267A232}.Debug|x64.ActiveCfg = Debug|x64
		{D999C226-6C05-405C-8347-AA9C3267A232}.Debug|x64.Build.0 = Debug|x64
		{D999C226-6C05-405C-8347-AA9C3267A232}.Debug|x86.ActiveCfg = Debug|Win32
		{D999C226-6C05-405C-8347-AA9C3267A232}.Debug|x86.Build.0 = Debug|Win32
		{D999C226-6C05-405C-8347-AA9C3267A232}.Release|x64.ActiveCfg = Release|x64
		{D999C226-6C05-405C-8347-AA9C3267A232}.Release|x64.Build.0 = Release|x64
		{D999C226-6C05-405C-8347-AA9C3267A232}.Release|x86.ActiveCfg = Release|Win32
		{D999C226-6C05-405C-8347-AA9C3267A232}.Release|x86.Build.0 = Release|Win32
		{9F6EA47C-AD58-4814-B550-5CE3C2FEAFF3}.Debug|x64.ActiveCfg = Debug|x64
		{9F6EA47C-AD58-4814-B550-5CE3C2FEAFF3}.Debug|x64.Build.0 = Debug|x64
		{9F6EA47C-AD58-4814-B550-5CE3C2FEAFF3}.Debug|x86.ActiveCfg = Debug|Win32
		{9F6EA47C-AD58-4814-B550-5CE3C2FEAFF3}.Debug|x86.Build.0 = Debug|Win32
		{9F6EA47C-AD58-4814-B550-5CE3C2FEAFF3}.Release|x64.ActiveCfg = Release|x64
		{9F6EA47C-AD58-4814-B550-5CE3C2FEAFF3}.Release|x64.Build.0 = Release|x64
		{9F6EA47C-AD58-4814-B550-5CE3C2FEAFF3}.Release|x86.ActiveCfg = Release|Win32
		{9F6EA47C-AD58-4814-B550-5CE3C2FEAFF3}.Release|x86.Build.0 = Release|Win32
		{8595F1C5-FCEF-427A-9FC0-CE416DA55DD2}.Debug|x64.ActiveCfg = Debug|x64
		{8595F1C5-FCEF-427A-9FC0-CE416DA55DD2}.Debug|x64.Build.0 = Debug|x64
		{8595F1C5-FCEF-427A-9FC0-CE416DA55DD2}.Debug|x86.ActiveCfg = Debug|Win32
		{8595F1C5-FCEF-427A-9FC0-CE416DA55DD2}.Debug|x86.Build.0 = Debug|Win32
		{8595F1C5-FCEF-427A-9FC0-CE416DA55DD2}.Release|x64.ActiveCfg = Release|x64
		{8595F1C5-FCEF-427A-9FC0-CE416DA55DD2}.Release|x64.Build.0 = Release|x64
		{8595F1C5-FCEF-427A-9FC0-CE416DA55DD2}.Release|x86.ActiveCfg = Release|Win32
		{8595F1C5-FCEF-427A-9FC0-CE416DA55DD2}.Release|x86.Build.0 = Release|Win32
	EndGlobalSection
	GlobalSection(SolutionProperties) = preSolution
		HideSolutionNode = FALSE
	EndGlobalSection
	GlobalSection(ExtensibilityGlobals) = postSolution
		SolutionGuid = {27FD1B6C-EF93-46C2-AC69-EFCD779C440F}
	EndGlobalSection
EndGlobal
